
Microsoft Visual Studio Solution File, Format Version 12.00
# Visual Studio 14
VisualStudioVersion = 14.0.25123.0
MinimumVisualStudioVersion = 10.0.40219.1
Project("{FAE04EC0-301F-11D3-BF4B-00C04F79EFBC}") = "YoutubeApisDemo", "YoutubeApisDemo\YoutubeApisDemo.csproj", "{C288587F-43F5-4200-9AB7-48BE6B879F58}"
EndProject
Project("{FAE04EC0-301F-11D3-BF4B-00C04F79EFBC}") = "YouTubeApiTest", "YouTubeApiTest\YouTubeApiTest.csproj", "{955CFB48-752E-4735-98E3-7ACA5A148CD1}"
EndProject
Project("{FAE04EC0-301F-11D3-BF4B-00C04F79EFBC}") = "MediaPlayer4Net", "MediaPlayer4Net\MediaPlayer4Net.csproj", "{4AFC8367-DA96-45B9-8CAA-D186DB300BDF}"
EndProject
Global
	GlobalSection(SolutionConfigurationPlatforms) = preSolution
		CD_ROM|Any CPU = CD_ROM|Any CPU
		CD_ROM|x86 = CD_ROM|x86
		Debug|Any CPU = Debug|Any CPU
		Debug|x86 = Debug|x86
		DVD-5|Any CPU = DVD-5|Any CPU
		DVD-5|x86 = DVD-5|x86
		Release|Any CPU = Release|Any CPU
		Release|x86 = Release|x86
		SingleImage|Any CPU = SingleImage|Any CPU
		SingleImage|x86 = SingleImage|x86
	EndGlobalSection
	GlobalSection(ProjectConfigurationPlatforms) = postSolution
		{C288587F-43F5-4200-9AB7-48BE6B879F58}.CD_ROM|Any CPU.ActiveCfg = Release|Any CPU
		{C288587F-43F5-4200-9AB7-48BE6B879F58}.CD_ROM|Any CPU.Build.0 = Release|Any CPU
		{C288587F-43F5-4200-9AB7-48BE6B879F58}.CD_ROM|x86.ActiveCfg = Release|x86
		{C288587F-43F5-4200-9AB7-48BE6B879F58}.CD_ROM|x86.Build.0 = Release|x86
		{C288587F-43F5-4200-9AB7-48BE6B879F58}.Debug|Any CPU.ActiveCfg = Debug|Any CPU
		{C288587F-43F5-4200-9AB7-48BE6B879F58}.Debug|Any CPU.Build.0 = Debug|Any CPU
		{C288587F-43F5-4200-9AB7-48BE6B879F58}.Debug|x86.ActiveCfg = Debug|x86
		{C288587F-43F5-4200-9AB7-48BE6B879F58}.Debug|x86.Build.0 = Debug|x86
		{C288587F-43F5-4200-9AB7-48BE6B879F58}.DVD-5|Any CPU.ActiveCfg = Debug|Any CPU
		{C288587F-43F5-4200-9AB7-48BE6B879F58}.DVD-5|Any CPU.Build.0 = Debug|Any CPU
		{C288587F-43F5-4200-9AB7-48BE6B879F58}.DVD-5|x86.ActiveCfg = Debug|x86
		{C288587F-43F5-4200-9AB7-48BE6B879F58}.DVD-5|x86.Build.0 = Debug|x86
		{C288587F-43F5-4200-9AB7-48BE6B879F58}.Release|Any CPU.ActiveCfg = Release|Any CPU
		{C288587F-43F5-4200-9AB7-48BE6B879F58}.Release|Any CPU.Build.0 = Release|Any CPU
		{C288587F-43F5-4200-9AB7-48BE6B879F58}.Release|x86.ActiveCfg = Release|x86
		{C288587F-43F5-4200-9AB7-48BE6B879F58}.Release|x86.Build.0 = Release|x86
		{C288587F-43F5-4200-9AB7-48BE6B879F58}.Release|x86.Deploy.0 = Release|x86
		{C288587F-43F5-4200-9AB7-48BE6B879F58}.SingleImage|Any CPU.ActiveCfg = Release|Any CPU
		{C288587F-43F5-4200-9AB7-48BE6B879F58}.SingleImage|Any CPU.Build.0 = Release|Any CPU
		{C288587F-43F5-4200-9AB7-48BE6B879F58}.SingleImage|x86.ActiveCfg = Release|x86
		{C288587F-43F5-4200-9AB7-48BE6B879F58}.SingleImage|x86.Build.0 = Release|x86
		{955CFB48-752E-4735-98E3-7ACA5A148CD1}.CD_ROM|Any CPU.ActiveCfg = Release|Any CPU
		{955CFB48-752E-4735-98E3-7ACA5A148CD1}.CD_ROM|Any CPU.Build.0 = Release|Any CPU
		{955CFB48-752E-4735-98E3-7ACA5A148CD1}.CD_ROM|x86.ActiveCfg = Release|Any CPU
		{955CFB48-752E-4735-98E3-7ACA5A148CD1}.CD_ROM|x86.Build.0 = Release|Any CPU
		{955CFB48-752E-4735-98E3-7ACA5A148CD1}.Debug|Any CPU.ActiveCfg = Debug|Any CPU
		{955CFB48-752E-4735-98E3-7ACA5A148CD1}.Debug|Any CPU.Build.0 = Debug|Any CPU
		{955CFB48-752E-4735-98E3-7ACA5A148CD1}.Debug|x86.ActiveCfg = Debug|Any CPU
		{955CFB48-752E-4735-98E3-7ACA5A148CD1}.Debug|x86.Build.0 = Debug|Any CPU
		{955CFB48-752E-4735-98E3-7ACA5A148CD1}.DVD-5|Any CPU.ActiveCfg = Debug|Any CPU
		{955CFB48-752E-4735-98E3-7ACA5A148CD1}.DVD-5|Any CPU.Build.0 = Debug|Any CPU
		{955CFB48-752E-4735-98E3-7ACA5A148CD1}.DVD-5|x86.ActiveCfg = Debug|Any CPU
		{955CFB48-752E-4735-98E3-7ACA5A148CD1}.DVD-5|x86.Build.0 = Debug|Any CPU
		{955CFB48-752E-4735-98E3-7ACA5A148CD1}.Release|Any CPU.ActiveCfg = Release|Any CPU
		{955CFB48-752E-4735-98E3-7ACA5A148CD1}.Release|Any CPU.Build.0 = Release|Any CPU
		{955CFB48-752E-4735-98E3-7ACA5A148CD1}.Release|x86.ActiveCfg = Release|Any CPU
		{955CFB48-752E-4735-98E3-7ACA5A148CD1}.Release|x86.Build.0 = Release|Any CPU
		{955CFB48-752E-4735-98E3-7ACA5A148CD1}.SingleImage|Any CPU.ActiveCfg = Release|Any CPU
		{955CFB48-752E-4735-98E3-7ACA5A148CD1}.SingleImage|Any CPU.Build.0 = Release|Any CPU
		{955CFB48-752E-4735-98E3-7ACA5A148CD1}.SingleImage|x86.ActiveCfg = Release|Any CPU
		{955CFB48-752E-4735-98E3-7ACA5A148CD1}.SingleImage|x86.Build.0 = Release|Any CPU
		{4AFC8367-DA96-45B9-8CAA-D186DB300BDF}.CD_ROM|Any CPU.ActiveCfg = Release|Any CPU
		{4AFC8367-DA96-45B9-8CAA-D186DB300BDF}.CD_ROM|Any CPU.Build.0 = Release|Any CPU
		{4AFC8367-DA96-45B9-8CAA-D186DB300BDF}.CD_ROM|x86.ActiveCfg = Release|Any CPU
		{4AFC8367-DA96-45B9-8CAA-D186DB300BDF}.CD_ROM|x86.Build.0 = Release|Any CPU
		{4AFC8367-DA96-45B9-8CAA-D186DB300BDF}.Debug|Any CPU.ActiveCfg = Debug|Any CPU
		{4AFC8367-DA96-45B9-8CAA-D186DB300BDF}.Debug|Any CPU.Build.0 = Debug|Any CPU
		{4AFC8367-DA96-45B9-8CAA-D186DB300BDF}.Debug|x86.ActiveCfg = Debug|Any CPU
		{4AFC8367-DA96-45B9-8CAA-D186DB300BDF}.Debug|x86.Build.0 = Debug|Any CPU
		{4AFC8367-DA96-45B9-8CAA-D186DB300BDF}.DVD-5|Any CPU.ActiveCfg = Debug|Any CPU
		{4AFC8367-DA96-45B9-8CAA-D186DB300BDF}.DVD-5|Any CPU.Build.0 = Debug|Any CPU
		{4AFC8367-DA96-45B9-8CAA-D186DB300BDF}.DVD-5|x86.ActiveCfg = Debug|Any CPU
		{4AFC8367-DA96-45B9-8CAA-D186DB300BDF}.DVD-5|x86.Build.0 = Debug|Any CPU
		{4AFC8367-DA96-45B9-8CAA-D186DB300BDF}.Release|Any CPU.ActiveCfg = Release|Any CPU
		{4AFC8367-DA96-45B9-8CAA-D186DB300BDF}.Release|Any CPU.Build.0 = Release|Any CPU
		{4AFC8367-DA96-45B9-8CAA-D186DB300BDF}.Release|x86.ActiveCfg = Release|Any CPU
		{4AFC8367-DA96-45B9-8CAA-D186DB300BDF}.Release|x86.Build.0 = Release|Any CPU
		{4AFC8367-DA96-45B9-8CAA-D186DB300BDF}.SingleImage|Any CPU.ActiveCfg = Release|Any CPU
		{4AFC8367-DA96-45B9-8CAA-D186DB300BDF}.SingleImage|Any CPU.Build.0 = Release|Any CPU
		{4AFC8367-DA96-45B9-8CAA-D186DB300BDF}.SingleImage|x86.ActiveCfg = Release|Any CPU
		{4AFC8367-DA96-45B9-8CAA-D186DB300BDF}.SingleImage|x86.Build.0 = Release|Any CPU
	EndGlobalSection
	GlobalSection(SolutionProperties) = preSolution
		HideSolutionNode = FALSE
	EndGlobalSection
EndGlobal
